<?xml version="1.0" encoding="UTF-8"?>
<CodeBlocks_project_file>
	<FileVersion major="1" minor="6"/>
	<Project>
		<Option title="iplot"/>
		<Option makefile_is_custom="1"/>
		<Option compiler="gcc"/>
		<Option virtualFolders="CMake Files\;CMake Files\lib\;CMake Files\lib\CiA402Device\;CMake Files\lib\sensor-integration\;CMake Files\lib\fcontrol\;CMake Files\lib\fcontrol\files\;CMake Files\lib\i-plot\;CMake Files\..\;CMake Files\..\..\;CMake Files\..\..\..\;CMake Files\..\..\..\..\;CMake Files\..\..\..\..\usr\;CMake Files\..\..\..\..\usr\lib\;CMake Files\..\..\..\..\usr\lib\arm-linux-gnueabihf\;CMake Files\..\..\..\..\usr\lib\arm-linux-gnueabihf\cmake\;CMake Files\..\..\..\..\usr\lib\arm-linux-gnueabihf\cmake\Qt5SerialPort\;CMake Files\..\..\..\..\usr\lib\arm-linux-gnueabihf\cmake\Qt5Core\;CMake Files\..\..\..\..\usr\lib\arm-linux-gnueabihf\cmake\Qt5Widgets\;CMake Files\..\..\..\..\usr\lib\arm-linux-gnueabihf\cmake\Qt5Gui\;CMake Files\..\..\..\..\usr\lib\cmake\;CMake Files\..\..\..\..\usr\lib\cmake\eigen3\;"/>
		<Build>
			<Target title="all">
				<Option working_dir="/home/pi/jorge/build-papers-Desktop-Default/lib/i-plot"/>
				<Option type="4"/>
				<MakeCommands>
					<Build command="/usr/bin/make -j4 -f &quot;/home/pi/jorge/build-papers-Desktop-Default/lib/i-plot/Makefile&quot;  VERBOSE=1 all"/>
					<CompileFile command="/usr/bin/make -j4 -f &quot;/home/pi/jorge/build-papers-Desktop-Default/lib/i-plot/Makefile&quot;  VERBOSE=1 &quot;$file&quot;"/>
					<Clean command="/usr/bin/make -j4 -f &quot;/home/pi/jorge/build-papers-Desktop-Default/lib/i-plot/Makefile&quot;  VERBOSE=1 clean"/>
					<DistClean command="/usr/bin/make -j4 -f &quot;/home/pi/jorge/build-papers-Desktop-Default/lib/i-plot/Makefile&quot;  VERBOSE=1 clean"/>
				</MakeCommands>
			</Target>
			<Target title="iplot">
				<Option output="/home/pi/jorge/build-papers-Desktop-Default/lib/i-plot/libiplot.so" prefix_auto="0" extension_auto="0"/>
				<Option working_dir="/home/pi/jorge/build-papers-Desktop-Default/lib/i-plot"/>
				<Option object_output="./"/>
				<Option type="3"/>
				<Option compiler="gcc"/>
				<Compiler>
					<Add directory="/usr/include/c++/8"/>
					<Add directory="/usr/include/arm-linux-gnueabihf/c++/8"/>
					<Add directory="/usr/include/c++/8/backward"/>
					<Add directory="/usr/lib/gcc/arm-linux-gnueabihf/8/include"/>
					<Add directory="/usr/local/include"/>
					<Add directory="/usr/lib/gcc/arm-linux-gnueabihf/8/include-fixed"/>
					<Add directory="/usr/include/arm-linux-gnueabihf"/>
					<Add directory="/usr/include"/>
				</Compiler>
				<MakeCommands>
					<Build command="/usr/bin/make -j4 -f &quot;/home/pi/jorge/build-papers-Desktop-Default/lib/i-plot/Makefile&quot;  VERBOSE=1 iplot"/>
					<CompileFile command="/usr/bin/make -j4 -f &quot;/home/pi/jorge/build-papers-Desktop-Default/lib/i-plot/Makefile&quot;  VERBOSE=1 &quot;$file&quot;"/>
					<Clean command="/usr/bin/make -j4 -f &quot;/home/pi/jorge/build-papers-Desktop-Default/lib/i-plot/Makefile&quot;  VERBOSE=1 clean"/>
					<DistClean command="/usr/bin/make -j4 -f &quot;/home/pi/jorge/build-papers-Desktop-Default/lib/i-plot/Makefile&quot;  VERBOSE=1 clean"/>
				</MakeCommands>
			</Target>
			<Target title="iplot/fast">
				<Option output="/home/pi/jorge/build-papers-Desktop-Default/lib/i-plot/libiplot.so" prefix_auto="0" extension_auto="0"/>
				<Option working_dir="/home/pi/jorge/build-papers-Desktop-Default/lib/i-plot"/>
				<Option object_output="./"/>
				<Option type="3"/>
				<Option compiler="gcc"/>
				<Compiler>
					<Add directory="/usr/include/c++/8"/>
					<Add directory="/usr/include/arm-linux-gnueabihf/c++/8"/>
					<Add directory="/usr/include/c++/8/backward"/>
					<Add directory="/usr/lib/gcc/arm-linux-gnueabihf/8/include"/>
					<Add directory="/usr/local/include"/>
					<Add directory="/usr/lib/gcc/arm-linux-gnueabihf/8/include-fixed"/>
					<Add directory="/usr/include/arm-linux-gnueabihf"/>
					<Add directory="/usr/include"/>
				</Compiler>
				<MakeCommands>
					<Build command="/usr/bin/make -j4 -f &quot;/home/pi/jorge/build-papers-Desktop-Default/lib/i-plot/Makefile&quot;  VERBOSE=1 iplot/fast"/>
					<CompileFile command="/usr/bin/make -j4 -f &quot;/home/pi/jorge/build-papers-Desktop-Default/lib/i-plot/Makefile&quot;  VERBOSE=1 &quot;$file&quot;"/>
					<Clean command="/usr/bin/make -j4 -f &quot;/home/pi/jorge/build-papers-Desktop-Default/lib/i-plot/Makefile&quot;  VERBOSE=1 clean"/>
					<DistClean command="/usr/bin/make -j4 -f &quot;/home/pi/jorge/build-papers-Desktop-Default/lib/i-plot/Makefile&quot;  VERBOSE=1 clean"/>
				</MakeCommands>
			</Target>
		</Build>
		<Unit filename="/home/pi/jorge/papers/lib/i-plot/IPlot.cpp">
			<Option target="iplot"/>
		</Unit>
		<Unit filename="/home/pi/jorge/papers/lib/i-plot/IPlot.h">
			<Option target="iplot"/>
		</Unit>
		<Unit filename="/home/pi/jorge/papers/CMakeLists.txt">
			<Option virtualFolder="CMake Files\"/>
		</Unit>
		<Unit filename="/home/pi/jorge/papers/lib/CMakeLists.txt">
			<Option virtualFolder="CMake Files\lib\"/>
		</Unit>
		<Unit filename="/home/pi/jorge/papers/lib/CiA402Device/CMakeLists.txt">
			<Option virtualFolder="CMake Files\lib\CiA402Device\"/>
		</Unit>
		<Unit filename="/home/pi/jorge/papers/lib/sensor-integration/CMakeLists.txt">
			<Option virtualFolder="CMake Files\lib\sensor-integration\"/>
		</Unit>
		<Unit filename="/home/pi/jorge/papers/lib/fcontrol/CMakeLists.txt">
			<Option virtualFolder="CMake Files\lib\fcontrol\"/>
		</Unit>
		<Unit filename="/home/pi/jorge/papers/lib/fcontrol/files/phi.m_exp.csv">
			<Option virtualFolder="CMake Files\lib\fcontrol\files\"/>
		</Unit>
		<Unit filename="/home/pi/jorge/papers/lib/i-plot/CMakeLists.txt">
			<Option virtualFolder="CMake Files\lib\i-plot\"/>
		</Unit>
		<Unit filename="/home/pi/jorge/papers/../../../../usr/lib/arm-linux-gnueabihf/cmake/Qt5SerialPort/Qt5SerialPortConfig.cmake">
			<Option virtualFolder="CMake Files\..\..\..\..\usr\lib\arm-linux-gnueabihf\cmake\Qt5SerialPort\"/>
		</Unit>
		<Unit filename="/home/pi/jorge/papers/../../../../usr/lib/arm-linux-gnueabihf/cmake/Qt5SerialPort/Qt5SerialPortConfigVersion.cmake">
			<Option virtualFolder="CMake Files\..\..\..\..\usr\lib\arm-linux-gnueabihf\cmake\Qt5SerialPort\"/>
		</Unit>
		<Unit filename="/home/pi/jorge/papers/../../../../usr/lib/arm-linux-gnueabihf/cmake/Qt5Core/Qt5CoreConfig.cmake">
			<Option virtualFolder="CMake Files\..\..\..\..\usr\lib\arm-linux-gnueabihf\cmake\Qt5Core\"/>
		</Unit>
		<Unit filename="/home/pi/jorge/papers/../../../../usr/lib/arm-linux-gnueabihf/cmake/Qt5Core/Qt5CoreConfigExtras.cmake">
			<Option virtualFolder="CMake Files\..\..\..\..\usr\lib\arm-linux-gnueabihf\cmake\Qt5Core\"/>
		</Unit>
		<Unit filename="/home/pi/jorge/papers/../../../../usr/lib/arm-linux-gnueabihf/cmake/Qt5Core/Qt5CoreConfigExtrasMkspecDir.cmake">
			<Option virtualFolder="CMake Files\..\..\..\..\usr\lib\arm-linux-gnueabihf\cmake\Qt5Core\"/>
		</Unit>
		<Unit filename="/home/pi/jorge/papers/../../../../usr/lib/arm-linux-gnueabihf/cmake/Qt5Core/Qt5CoreConfigVersion.cmake">
			<Option virtualFolder="CMake Files\..\..\..\..\usr\lib\arm-linux-gnueabihf\cmake\Qt5Core\"/>
		</Unit>
		<Unit filename="/home/pi/jorge/papers/../../../../usr/lib/arm-linux-gnueabihf/cmake/Qt5Core/Qt5CoreMacros.cmake">
			<Option virtualFolder="CMake Files\..\..\..\..\usr\lib\arm-linux-gnueabihf\cmake\Qt5Core\"/>
		</Unit>
		<Unit filename="/home/pi/jorge/papers/../../../../usr/lib/arm-linux-gnueabihf/cmake/Qt5Widgets/Qt5WidgetsConfig.cmake">
			<Option virtualFolder="CMake Files\..\..\..\..\usr\lib\arm-linux-gnueabihf\cmake\Qt5Widgets\"/>
		</Unit>
		<Unit filename="/home/pi/jorge/papers/../../../../usr/lib/arm-linux-gnueabihf/cmake/Qt5Widgets/Qt5WidgetsConfigExtras.cmake">
			<Option virtualFolder="CMake Files\..\..\..\..\usr\lib\arm-linux-gnueabihf\cmake\Qt5Widgets\"/>
		</Unit>
		<Unit filename="/home/pi/jorge/papers/../../../../usr/lib/arm-linux-gnueabihf/cmake/Qt5Widgets/Qt5WidgetsConfigVersion.cmake">
			<Option virtualFolder="CMake Files\..\..\..\..\usr\lib\arm-linux-gnueabihf\cmake\Qt5Widgets\"/>
		</Unit>
		<Unit filename="/home/pi/jorge/papers/../../../../usr/lib/arm-linux-gnueabihf/cmake/Qt5Widgets/Qt5WidgetsMacros.cmake">
			<Option virtualFolder="CMake Files\..\..\..\..\usr\lib\arm-linux-gnueabihf\cmake\Qt5Widgets\"/>
		</Unit>
		<Unit filename="/home/pi/jorge/papers/../../../../usr/lib/arm-linux-gnueabihf/cmake/Qt5Gui/Qt5GuiConfig.cmake">
			<Option virtualFolder="CMake Files\..\..\..\..\usr\lib\arm-linux-gnueabihf\cmake\Qt5Gui\"/>
		</Unit>
		<Unit filename="/home/pi/jorge/papers/../../../../usr/lib/arm-linux-gnueabihf/cmake/Qt5Gui/Qt5GuiConfigExtras.cmake">
			<Option virtualFolder="CMake Files\..\..\..\..\usr\lib\arm-linux-gnueabihf\cmake\Qt5Gui\"/>
		</Unit>
		<Unit filename="/home/pi/jorge/papers/../../../../usr/lib/arm-linux-gnueabihf/cmake/Qt5Gui/Qt5GuiConfigVersion.cmake">
			<Option virtualFolder="CMake Files\..\..\..\..\usr\lib\arm-linux-gnueabihf\cmake\Qt5Gui\"/>
		</Unit>
		<Unit filename="/home/pi/jorge/papers/../../../../usr/lib/cmake/eigen3/Eigen3Config.cmake">
			<Option virtualFolder="CMake Files\..\..\..\..\usr\lib\cmake\eigen3\"/>
		</Unit>
		<Unit filename="/home/pi/jorge/papers/../../../../usr/lib/cmake/eigen3/Eigen3ConfigVersion.cmake">
			<Option virtualFolder="CMake Files\..\..\..\..\usr\lib\cmake\eigen3\"/>
		</Unit>
		<Unit filename="/home/pi/jorge/papers/../../../../usr/lib/cmake/eigen3/Eigen3Targets.cmake">
			<Option virtualFolder="CMake Files\..\..\..\..\usr\lib\cmake\eigen3\"/>
		</Unit>
	</Project>
</CodeBlocks_project_file>
